
Microsoft Visual Studio Solution File, Format Version 12.00
# Visual Studio Version 16
VisualStudioVersion = 16.0.30114.105
MinimumVisualStudioVersion = 10.0.40219.1
Project("{2150E333-8FDC-42A3-9474-1A3956D46DE8}") = "src", "src", "{59378EDA-D9DD-4D19-AA1B-2E831947A488}"
EndProject
Project("{FAE04EC0-301F-11D3-BF4B-00C04F79EFBC}") = "RecordMerger", "src\RecordMerger\RecordMerger.csproj", "{059C65B1-46FE-43B0-9501-6267665A8619}"
EndProject
Project("{2150E333-8FDC-42A3-9474-1A3956D46DE8}") = "tests", "tests", "{BAC97009-692E-494B-A2B9-6453F322F421}"
EndProject
Project("{FAE04EC0-301F-11D3-BF4B-00C04F79EFBC}") = "RecordMerger.Tests", "tests\RecordMerger.Tests\RecordMerger.Tests.csproj", "{1C3682FE-913D-4D54-9441-C5833DAE2B4D}"
EndProject
Global
	GlobalSection(SolutionConfigurationPlatforms) = preSolution
		Debug|Any CPU = Debug|Any CPU
		Debug|x64 = Debug|x64
		Debug|x86 = Debug|x86
		Release|Any CPU = Release|Any CPU
		Release|x64 = Release|x64
		Release|x86 = Release|x86
	EndGlobalSection
	GlobalSection(SolutionProperties) = preSolution
		HideSolutionNode = FALSE
	EndGlobalSection
	GlobalSection(ProjectConfigurationPlatforms) = postSolution
		{059C65B1-46FE-43B0-9501-6267665A8619}.Debug|Any CPU.ActiveCfg = Debug|Any CPU
		{059C65B1-46FE-43B0-9501-6267665A8619}.Debug|Any CPU.Build.0 = Debug|Any CPU
		{059C65B1-46FE-43B0-9501-6267665A8619}.Debug|x64.ActiveCfg = Debug|Any CPU
		{059C65B1-46FE-43B0-9501-6267665A8619}.Debug|x64.Build.0 = Debug|Any CPU
		{059C65B1-46FE-43B0-9501-6267665A8619}.Debug|x86.ActiveCfg = Debug|Any CPU
		{059C65B1-46FE-43B0-9501-6267665A8619}.Debug|x86.Build.0 = Debug|Any CPU
		{059C65B1-46FE-43B0-9501-6267665A8619}.Release|Any CPU.ActiveCfg = Release|Any CPU
		{059C65B1-46FE-43B0-9501-6267665A8619}.Release|Any CPU.Build.0 = Release|Any CPU
		{059C65B1-46FE-43B0-9501-6267665A8619}.Release|x64.ActiveCfg = Release|Any CPU
		{059C65B1-46FE-43B0-9501-6267665A8619}.Release|x64.Build.0 = Release|Any CPU
		{059C65B1-46FE-43B0-9501-6267665A8619}.Release|x86.ActiveCfg = Release|Any CPU
		{059C65B1-46FE-43B0-9501-6267665A8619}.Release|x86.Build.0 = Release|Any CPU
		{1C3682FE-913D-4D54-9441-C5833DAE2B4D}.Debug|Any CPU.ActiveCfg = Debug|Any CPU
		{1C3682FE-913D-4D54-9441-C5833DAE2B4D}.Debug|Any CPU.Build.0 = Debug|Any CPU
		{1C3682FE-913D-4D54-9441-C5833DAE2B4D}.Debug|x64.ActiveCfg = Debug|Any CPU
		{1C3682FE-913D-4D54-9441-C5833DAE2B4D}.Debug|x64.Build.0 = Debug|Any CPU
		{1C3682FE-913D-4D54-9441-C5833DAE2B4D}.Debug|x86.ActiveCfg = Debug|Any CPU
		{1C3682FE-913D-4D54-9441-C5833DAE2B4D}.Debug|x86.Build.0 = Debug|Any CPU
		{1C3682FE-913D-4D54-9441-C5833DAE2B4D}.Release|Any CPU.ActiveCfg = Release|Any CPU
		{1C3682FE-913D-4D54-9441-C5833DAE2B4D}.Release|Any CPU.Build.0 = Release|Any CPU
		{1C3682FE-913D-4D54-9441-C5833DAE2B4D}.Release|x64.ActiveCfg = Release|Any CPU
		{1C3682FE-913D-4D54-9441-C5833DAE2B4D}.Release|x64.Build.0 = Release|Any CPU
		{1C3682FE-913D-4D54-9441-C5833DAE2B4D}.Release|x86.ActiveCfg = Release|Any CPU
		{1C3682FE-913D-4D54-9441-C5833DAE2B4D}.Release|x86.Build.0 = Release|Any CPU
	EndGlobalSection
	GlobalSection(NestedProjects) = preSolution
		{059C65B1-46FE-43B0-9501-6267665A8619} = {59378EDA-D9DD-4D19-AA1B-2E831947A488}
		{1C3682FE-913D-4D54-9441-C5833DAE2B4D} = {BAC97009-692E-494B-A2B9-6453F322F421}
	EndGlobalSection
EndGlobal
